
Microsoft Visual Studio Solution File, Format Version 12.00
# Visual Studio Version 17
VisualStudioVersion = 17.5.002.0
MinimumVisualStudioVersion = 10.0.40219.1
Project("{9A19103F-16F7-4668-BE54-9A1E7A4F7556}") = "csharp", "csharp.csproj", "{2B9CE9B8-33FB-4618-8933-81713A04AF5F}"
EndProject
Global
	GlobalSection(SolutionConfigurationPlatforms) = preSolution
		Debug|Any CPU = Debug|Any CPU
		Release|Any CPU = Release|Any CPU
	EndGlobalSection
	GlobalSection(ProjectConfigurationPlatforms) = postSolution
		{2B9CE9B8-33FB-4618-8933-81713A04AF5F}.Debug|Any CPU.ActiveCfg = Debug|Any CPU
		{2B9CE9B8-33FB-4618-8933-81713A04AF5F}.Debug|Any CPU.Build.0 = Debug|Any CPU
		{2B9CE9B8-33FB-4618-8933-81713A04AF5F}.Release|Any CPU.ActiveCfg = Release|Any CPU
		{2B9CE9B8-33FB-4618-8933-81713A04AF5F}.Release|Any CPU.Build.0 = Release|Any CPU
	EndGlobalSection
	GlobalSection(SolutionProperties) = preSolution
		HideSolutionNode = FALSE
	EndGlobalSection
	GlobalSection(ExtensibilityGlobals) = postSolution
		SolutionGuid = {F8324AEF-D1B8-40F3-A6B9-B2F9A3A2CADC}
	EndGlobalSection
EndGlobal
